// !$*UTF8*$!
{
	archiveVersion = 1;
	classes = {
	};
	objectVersion = 46;
	objects = {

/* Begin PBXBuildFile section */
		242514C513ADD5E90071CD6F /* FizzBuzzTests.m in Sources */ = {isa = PBXBuildFile; fileRef = 242514C413ADD5E90071CD6F /* FizzBuzzTests.m */; };
		242514C913ADD7C70071CD6F /* FizzBuzz.m in Sources */ = {isa = PBXBuildFile; fileRef = 242514C813ADD7C70071CD6F /* FizzBuzz.m */; };
		24385AE313B4A44E001FCB0B /* UIKit.framework in Frameworks */ = {isa = PBXBuildFile; fileRef = 2453EB6C13A9809200C7B423 /* UIKit.framework */; };
		24385AE413B4A44E001FCB0B /* Foundation.framework in Frameworks */ = {isa = PBXBuildFile; fileRef = 2453EB6E13A9809200C7B423 /* Foundation.framework */; };
		24385AE513B4A44E001FCB0B /* CoreGraphics.framework in Frameworks */ = {isa = PBXBuildFile; fileRef = 2453EB7013A9809200C7B423 /* CoreGraphics.framework */; };
		24385AEB13B4A44E001FCB0B /* InfoPlist.strings in Resources */ = {isa = PBXBuildFile; fileRef = 24385AE913B4A44E001FCB0B /* InfoPlist.strings */; };
		24385B0513B4A47E001FCB0B /* GHUnitIOS.framework in Frameworks */ = {isa = PBXBuildFile; fileRef = 24385B0413B4A47E001FCB0B /* GHUnitIOS.framework */; };
		24385B0813B4A626001FCB0B /* GHUnitIOSTestMain.m in Sources */ = {isa = PBXBuildFile; fileRef = 24385B0713B4A626001FCB0B /* GHUnitIOSTestMain.m */; };
		244AC37313AF9180009B7398 /* GameTests.m in Sources */ = {isa = PBXBuildFile; fileRef = 244AC37213AF9180009B7398 /* GameTests.m */; };
		244AC37713AF992D009B7398 /* Game.m in Sources */ = {isa = PBXBuildFile; fileRef = 244AC37613AF992D009B7398 /* Game.m */; };
		2453EB6D13A9809200C7B423 /* UIKit.framework in Frameworks */ = {isa = PBXBuildFile; fileRef = 2453EB6C13A9809200C7B423 /* UIKit.framework */; };
		2453EB6F13A9809200C7B423 /* Foundation.framework in Frameworks */ = {isa = PBXBuildFile; fileRef = 2453EB6E13A9809200C7B423 /* Foundation.framework */; };
		2453EB7113A9809200C7B423 /* CoreGraphics.framework in Frameworks */ = {isa = PBXBuildFile; fileRef = 2453EB7013A9809200C7B423 /* CoreGraphics.framework */; };
		2453EB7713A9809200C7B423 /* InfoPlist.strings in Resources */ = {isa = PBXBuildFile; fileRef = 2453EB7513A9809200C7B423 /* InfoPlist.strings */; };
		2453EB7A13A9809200C7B423 /* main.m in Sources */ = {isa = PBXBuildFile; fileRef = 2453EB7913A9809200C7B423 /* main.m */; };
		2453EB7D13A9809200C7B423 /* ObjCStudyAppDelegate.m in Sources */ = {isa = PBXBuildFile; fileRef = 2453EB7C13A9809200C7B423 /* ObjCStudyAppDelegate.m */; };
		2453EB8013A9809200C7B423 /* MainWindow.xib in Resources */ = {isa = PBXBuildFile; fileRef = 2453EB7E13A9809200C7B423 /* MainWindow.xib */; };
		2453EB8313A9809200C7B423 /* ObjCStudyViewController.m in Sources */ = {isa = PBXBuildFile; fileRef = 2453EB8213A9809200C7B423 /* ObjCStudyViewController.m */; };
		2453EB8613A9809200C7B423 /* ObjCStudyViewController.xib in Resources */ = {isa = PBXBuildFile; fileRef = 2453EB8413A9809200C7B423 /* ObjCStudyViewController.xib */; };
		2453EB8D13A9809200C7B423 /* UIKit.framework in Frameworks */ = {isa = PBXBuildFile; fileRef = 2453EB6C13A9809200C7B423 /* UIKit.framework */; };
		2453EB8E13A9809200C7B423 /* Foundation.framework in Frameworks */ = {isa = PBXBuildFile; fileRef = 2453EB6E13A9809200C7B423 /* Foundation.framework */; };
		2453EB8F13A9809200C7B423 /* CoreGraphics.framework in Frameworks */ = {isa = PBXBuildFile; fileRef = 2453EB7013A9809200C7B423 /* CoreGraphics.framework */; };
		2453EB9713A9809200C7B423 /* InfoPlist.strings in Resources */ = {isa = PBXBuildFile; fileRef = 2453EB9513A9809200C7B423 /* InfoPlist.strings */; };
		2453EB9A13A9809200C7B423 /* ObjCStudyTests.h in Resources */ = {isa = PBXBuildFile; fileRef = 2453EB9913A9809200C7B423 /* ObjCStudyTests.h */; };
		2453EB9C13A9809200C7B423 /* ObjCStudyTests.m in Sources */ = {isa = PBXBuildFile; fileRef = 2453EB9B13A9809200C7B423 /* ObjCStudyTests.m */; };
		247D818A13B5EC8F00828FD8 /* FizzBuzz2.m in Sources */ = {isa = PBXBuildFile; fileRef = 247D818913B5EC8F00828FD8 /* FizzBuzz2.m */; };
		247D818D13B5EDA400828FD8 /* FizzBuzz2.m in Sources */ = {isa = PBXBuildFile; fileRef = 247D818913B5EC8F00828FD8 /* FizzBuzz2.m */; };
		24EF8B0A13B5D47F0044C032 /* FizzBuzzTests2.m in Sources */ = {isa = PBXBuildFile; fileRef = 24EF8B0913B5D47F0044C032 /* FizzBuzzTests2.m */; };
/* End PBXBuildFile section */

/* Begin PBXContainerItemProxy section */
		2453EB9013A9809200C7B423 /* PBXContainerItemProxy */ = {
			isa = PBXContainerItemProxy;
			containerPortal = 2453EB5F13A9809100C7B423 /* Project object */;
			proxyType = 1;
			remoteGlobalIDString = 2453EB6713A9809200C7B423;
			remoteInfo = ObjCStudy;
		};
		247D818513B5E78000828FD8 /* PBXContainerItemProxy */ = {
			isa = PBXContainerItemProxy;
			containerPortal = 2453EB5F13A9809100C7B423 /* Project object */;
			proxyType = 1;
			remoteGlobalIDString = 2453EB6713A9809200C7B423;
			remoteInfo = ObjCStudy;
		};
/* End PBXContainerItemProxy section */

/* Begin PBXFileReference section */
		242514C313ADD5E90071CD6F /* FizzBuzzTests.h */ = {isa = PBXFileReference; fileEncoding = 4; lastKnownFileType = sourcecode.c.h; path = FizzBuzzTests.h; sourceTree = "<group>"; };
		242514C413ADD5E90071CD6F /* FizzBuzzTests.m */ = {isa = PBXFileReference; fileEncoding = 4; lastKnownFileType = sourcecode.c.objc; path = FizzBuzzTests.m; sourceTree = "<group>"; };
		242514C713ADD7C70071CD6F /* FizzBuzz.h */ = {isa = PBXFileReference; fileEncoding = 4; lastKnownFileType = sourcecode.c.h; path = FizzBuzz.h; sourceTree = "<group>"; };
		242514C813ADD7C70071CD6F /* FizzBuzz.m */ = {isa = PBXFileReference; fileEncoding = 4; lastKnownFileType = sourcecode.c.objc; path = FizzBuzz.m; sourceTree = "<group>"; };
		24385AE113B4A44D001FCB0B /* ObjCStudyTests2.app */ = {isa = PBXFileReference; explicitFileType = wrapper.application; includeInIndex = 0; path = ObjCStudyTests2.app; sourceTree = BUILT_PRODUCTS_DIR; };
		24385AE813B4A44E001FCB0B /* ObjCStudyTests2-Info.plist */ = {isa = PBXFileReference; lastKnownFileType = text.plist.xml; path = "ObjCStudyTests2-Info.plist"; sourceTree = "<group>"; };
		24385AEA13B4A44E001FCB0B /* en */ = {isa = PBXFileReference; lastKnownFileType = text.plist.strings; name = en; path = en.lproj/InfoPlist.strings; sourceTree = "<group>"; };
		24385AEC13B4A44E001FCB0B /* ObjCStudyTests2-Prefix.pch */ = {isa = PBXFileReference; lastKnownFileType = sourcecode.c.h; path = "ObjCStudyTests2-Prefix.pch"; sourceTree = "<group>"; };
		24385B0413B4A47E001FCB0B /* GHUnitIOS.framework */ = {isa = PBXFileReference; lastKnownFileType = wrapper.framework; name = GHUnitIOS.framework; path = vendor/GHUnitIOS.framework; sourceTree = "<group>"; };
		24385B0713B4A626001FCB0B /* GHUnitIOSTestMain.m */ = {isa = PBXFileReference; fileEncoding = 4; lastKnownFileType = sourcecode.c.objc; path = GHUnitIOSTestMain.m; sourceTree = "<group>"; };
		244AC37113AF9180009B7398 /* GameTests.h */ = {isa = PBXFileReference; fileEncoding = 4; lastKnownFileType = sourcecode.c.h; path = GameTests.h; sourceTree = "<group>"; };
		244AC37213AF9180009B7398 /* GameTests.m */ = {isa = PBXFileReference; fileEncoding = 4; lastKnownFileType = sourcecode.c.objc; path = GameTests.m; sourceTree = "<group>"; };
		244AC37513AF992D009B7398 /* Game.h */ = {isa = PBXFileReference; fileEncoding = 4; lastKnownFileType = sourcecode.c.h; path = Game.h; sourceTree = "<group>"; };
		244AC37613AF992D009B7398 /* Game.m */ = {isa = PBXFileReference; fileEncoding = 4; lastKnownFileType = sourcecode.c.objc; path = Game.m; sourceTree = "<group>"; };
		2453EB6813A9809200C7B423 /* ObjCStudy.app */ = {isa = PBXFileReference; explicitFileType = wrapper.application; includeInIndex = 0; path = ObjCStudy.app; sourceTree = BUILT_PRODUCTS_DIR; };
		2453EB6C13A9809200C7B423 /* UIKit.framework */ = {isa = PBXFileReference; lastKnownFileType = wrapper.framework; name = UIKit.framework; path = System/Library/Frameworks/UIKit.framework; sourceTree = SDKROOT; };
		2453EB6E13A9809200C7B423 /* Foundation.framework */ = {isa = PBXFileReference; lastKnownFileType = wrapper.framework; name = Foundation.framework; path = System/Library/Frameworks/Foundation.framework; sourceTree = SDKROOT; };
		2453EB7013A9809200C7B423 /* CoreGraphics.framework */ = {isa = PBXFileReference; lastKnownFileType = wrapper.framework; name = CoreGraphics.framework; path = System/Library/Frameworks/CoreGraphics.framework; sourceTree = SDKROOT; };
		2453EB7413A9809200C7B423 /* ObjCStudy-Info.plist */ = {isa = PBXFileReference; lastKnownFileType = text.plist.xml; path = "ObjCStudy-Info.plist"; sourceTree = "<group>"; };
		2453EB7613A9809200C7B423 /* en */ = {isa = PBXFileReference; lastKnownFileType = text.plist.strings; name = en; path = en.lproj/InfoPlist.strings; sourceTree = "<group>"; };
		2453EB7813A9809200C7B423 /* ObjCStudy-Prefix.pch */ = {isa = PBXFileReference; lastKnownFileType = sourcecode.c.h; path = "ObjCStudy-Prefix.pch"; sourceTree = "<group>"; };
		2453EB7913A9809200C7B423 /* main.m */ = {isa = PBXFileReference; lastKnownFileType = sourcecode.c.objc; path = main.m; sourceTree = "<group>"; };
		2453EB7B13A9809200C7B423 /* ObjCStudyAppDelegate.h */ = {isa = PBXFileReference; lastKnownFileType = sourcecode.c.h; path = ObjCStudyAppDelegate.h; sourceTree = "<group>"; };
		2453EB7C13A9809200C7B423 /* ObjCStudyAppDelegate.m */ = {isa = PBXFileReference; lastKnownFileType = sourcecode.c.objc; path = ObjCStudyAppDelegate.m; sourceTree = "<group>"; };
		2453EB7F13A9809200C7B423 /* en */ = {isa = PBXFileReference; lastKnownFileType = file.xib; name = en; path = en.lproj/MainWindow.xib; sourceTree = "<group>"; };
		2453EB8113A9809200C7B423 /* ObjCStudyViewController.h */ = {isa = PBXFileReference; lastKnownFileType = sourcecode.c.h; path = ObjCStudyViewController.h; sourceTree = "<group>"; };
		2453EB8213A9809200C7B423 /* ObjCStudyViewController.m */ = {isa = PBXFileReference; lastKnownFileType = sourcecode.c.objc; path = ObjCStudyViewController.m; sourceTree = "<group>"; };
		2453EB8513A9809200C7B423 /* en */ = {isa = PBXFileReference; lastKnownFileType = file.xib; name = en; path = en.lproj/ObjCStudyViewController.xib; sourceTree = "<group>"; };
		2453EB8C13A9809200C7B423 /* ObjCStudyTests.octest */ = {isa = PBXFileReference; explicitFileType = wrapper.cfbundle; includeInIndex = 0; path = ObjCStudyTests.octest; sourceTree = BUILT_PRODUCTS_DIR; };
		2453EB9413A9809200C7B423 /* ObjCStudyTests-Info.plist */ = {isa = PBXFileReference; lastKnownFileType = text.plist.xml; path = "ObjCStudyTests-Info.plist"; sourceTree = "<group>"; };
		2453EB9613A9809200C7B423 /* en */ = {isa = PBXFileReference; lastKnownFileType = text.plist.strings; name = en; path = en.lproj/InfoPlist.strings; sourceTree = "<group>"; };
		2453EB9813A9809200C7B423 /* ObjCStudyTests-Prefix.pch */ = {isa = PBXFileReference; lastKnownFileType = sourcecode.c.h; path = "ObjCStudyTests-Prefix.pch"; sourceTree = "<group>"; };
		2453EB9913A9809200C7B423 /* ObjCStudyTests.h */ = {isa = PBXFileReference; lastKnownFileType = sourcecode.c.h; path = ObjCStudyTests.h; sourceTree = "<group>"; };
		2453EB9B13A9809200C7B423 /* ObjCStudyTests.m */ = {isa = PBXFileReference; lastKnownFileType = sourcecode.c.objc; path = ObjCStudyTests.m; sourceTree = "<group>"; };
		247D818813B5EC8F00828FD8 /* FizzBuzz2.h */ = {isa = PBXFileReference; fileEncoding = 4; path = FizzBuzz2.h; sourceTree = "<group>"; };
		247D818913B5EC8F00828FD8 /* FizzBuzz2.m */ = {isa = PBXFileReference; fileEncoding = 4; lastKnownFileType = sourcecode.c.objc; path = FizzBuzz2.m; sourceTree = "<group>"; };
		24EF8B0913B5D47F0044C032 /* FizzBuzzTests2.m */ = {isa = PBXFileReference; fileEncoding = 4; lastKnownFileType = sourcecode.c.objc; path = FizzBuzzTests2.m; sourceTree = "<group>"; };
/* End PBXFileReference section */

/* Begin PBXFrameworksBuildPhase section */
		24385ADE13B4A44D001FCB0B /* Frameworks */ = {
			isa = PBXFrameworksBuildPhase;
			buildActionMask = 2147483647;
			files = (
				24385B0513B4A47E001FCB0B /* GHUnitIOS.framework in Frameworks */,
				24385AE313B4A44E001FCB0B /* UIKit.framework in Frameworks */,
				24385AE413B4A44E001FCB0B /* Foundation.framework in Frameworks */,
				24385AE513B4A44E001FCB0B /* CoreGraphics.framework in Frameworks */,
			);
			runOnlyForDeploymentPostprocessing = 0;
		};
		2453EB6513A9809200C7B423 /* Frameworks */ = {
			isa = PBXFrameworksBuildPhase;
			buildActionMask = 2147483647;
			files = (
				2453EB6D13A9809200C7B423 /* UIKit.framework in Frameworks */,
				2453EB6F13A9809200C7B423 /* Foundation.framework in Frameworks */,
				2453EB7113A9809200C7B423 /* CoreGraphics.framework in Frameworks */,
			);
			runOnlyForDeploymentPostprocessing = 0;
		};
		2453EB8813A9809200C7B423 /* Frameworks */ = {
			isa = PBXFrameworksBuildPhase;
			buildActionMask = 2147483647;
			files = (
				2453EB8D13A9809200C7B423 /* UIKit.framework in Frameworks */,
				2453EB8E13A9809200C7B423 /* Foundation.framework in Frameworks */,
				2453EB8F13A9809200C7B423 /* CoreGraphics.framework in Frameworks */,
			);
			runOnlyForDeploymentPostprocessing = 0;
		};
/* End PBXFrameworksBuildPhase section */

/* Begin PBXGroup section */
		24385AE613B4A44E001FCB0B /* ObjCStudyTests2 */ = {
			isa = PBXGroup;
			children = (
				24385AF213B4A44E001FCB0B /* iPhone */,
				24385AF913B4A44E001FCB0B /* iPad */,
				24385AE713B4A44E001FCB0B /* Supporting Files */,
				24385B0713B4A626001FCB0B /* GHUnitIOSTestMain.m */,
				24EF8B0913B5D47F0044C032 /* FizzBuzzTests2.m */,
			);
			path = ObjCStudyTests2;
			sourceTree = "<group>";
		};
		24385AE713B4A44E001FCB0B /* Supporting Files */ = {
			isa = PBXGroup;
			children = (
				24385AE813B4A44E001FCB0B /* ObjCStudyTests2-Info.plist */,
				24385AE913B4A44E001FCB0B /* InfoPlist.strings */,
				24385AEC13B4A44E001FCB0B /* ObjCStudyTests2-Prefix.pch */,
			);
			name = "Supporting Files";
			sourceTree = "<group>";
		};
		24385AF213B4A44E001FCB0B /* iPhone */ = {
			isa = PBXGroup;
			children = (
			);
			name = iPhone;
			sourceTree = "<group>";
		};
		24385AF913B4A44E001FCB0B /* iPad */ = {
			isa = PBXGroup;
			children = (
			);
			name = iPad;
			sourceTree = "<group>";
		};
		2453EB5D13A9809100C7B423 = {
			isa = PBXGroup;
			children = (
				2453EB7213A9809200C7B423 /* ObjCStudy */,
				2453EB9213A9809200C7B423 /* ObjCStudyTests */,
				24385AE613B4A44E001FCB0B /* ObjCStudyTests2 */,
				2453EB6B13A9809200C7B423 /* Frameworks */,
				2453EB6913A9809200C7B423 /* Products */,
			);
			sourceTree = "<group>";
		};
		2453EB6913A9809200C7B423 /* Products */ = {
			isa = PBXGroup;
			children = (
				2453EB6813A9809200C7B423 /* ObjCStudy.app */,
				2453EB8C13A9809200C7B423 /* ObjCStudyTests.octest */,
				24385AE113B4A44D001FCB0B /* ObjCStudyTests2.app */,
			);
			name = Products;
			sourceTree = "<group>";
		};
		2453EB6B13A9809200C7B423 /* Frameworks */ = {
			isa = PBXGroup;
			children = (
				24385B0413B4A47E001FCB0B /* GHUnitIOS.framework */,
				2453EB6C13A9809200C7B423 /* UIKit.framework */,
				2453EB6E13A9809200C7B423 /* Foundation.framework */,
				2453EB7013A9809200C7B423 /* CoreGraphics.framework */,
			);
			name = Frameworks;
			sourceTree = "<group>";
		};
		2453EB7213A9809200C7B423 /* ObjCStudy */ = {
			isa = PBXGroup;
			children = (
				2453EB7B13A9809200C7B423 /* ObjCStudyAppDelegate.h */,
				2453EB7C13A9809200C7B423 /* ObjCStudyAppDelegate.m */,
				2453EB7E13A9809200C7B423 /* MainWindow.xib */,
				2453EB8113A9809200C7B423 /* ObjCStudyViewController.h */,
				2453EB8213A9809200C7B423 /* ObjCStudyViewController.m */,
				2453EB8413A9809200C7B423 /* ObjCStudyViewController.xib */,
				2453EB7313A9809200C7B423 /* Supporting Files */,
				242514C713ADD7C70071CD6F /* FizzBuzz.h */,
				242514C813ADD7C70071CD6F /* FizzBuzz.m */,
				244AC37513AF992D009B7398 /* Game.h */,
				244AC37613AF992D009B7398 /* Game.m */,
				247D818813B5EC8F00828FD8 /* FizzBuzz2.h */,
				247D818913B5EC8F00828FD8 /* FizzBuzz2.m */,
			);
			path = ObjCStudy;
			sourceTree = "<group>";
		};
		2453EB7313A9809200C7B423 /* Supporting Files */ = {
			isa = PBXGroup;
			children = (
				2453EB7413A9809200C7B423 /* ObjCStudy-Info.plist */,
				2453EB7513A9809200C7B423 /* InfoPlist.strings */,
				2453EB7813A9809200C7B423 /* ObjCStudy-Prefix.pch */,
				2453EB7913A9809200C7B423 /* main.m */,
			);
			name = "Supporting Files";
			sourceTree = "<group>";
		};
		2453EB9213A9809200C7B423 /* ObjCStudyTests */ = {
			isa = PBXGroup;
			children = (
				2453EB9913A9809200C7B423 /* ObjCStudyTests.h */,
				2453EB9B13A9809200C7B423 /* ObjCStudyTests.m */,
				2453EB9313A9809200C7B423 /* Supporting Files */,
				242514C313ADD5E90071CD6F /* FizzBuzzTests.h */,
				242514C413ADD5E90071CD6F /* FizzBuzzTests.m */,
				244AC37113AF9180009B7398 /* GameTests.h */,
				244AC37213AF9180009B7398 /* GameTests.m */,
			);
			path = ObjCStudyTests;
			sourceTree = "<group>";
		};
		2453EB9313A9809200C7B423 /* Supporting Files */ = {
			isa = PBXGroup;
			children = (
				2453EB9413A9809200C7B423 /* ObjCStudyTests-Info.plist */,
				2453EB9513A9809200C7B423 /* InfoPlist.strings */,
				2453EB9813A9809200C7B423 /* ObjCStudyTests-Prefix.pch */,
			);
			name = "Supporting Files";
			sourceTree = "<group>";
		};
/* End PBXGroup section */

/* Begin PBXNativeTarget section */
		24385AE013B4A44D001FCB0B /* ObjCStudyTests2 */ = {
			isa = PBXNativeTarget;
			buildConfigurationList = 24385B0213B4A44E001FCB0B /* Build configuration list for PBXNativeTarget "ObjCStudyTests2" */;
			buildPhases = (
				24385ADD13B4A44D001FCB0B /* Sources */,
				24385ADE13B4A44D001FCB0B /* Frameworks */,
				24385ADF13B4A44D001FCB0B /* Resources */,
				247D818E13B5F29B00828FD8 /* ShellScript */,
			);
			buildRules = (
			);
			dependencies = (
				247D818613B5E78000828FD8 /* PBXTargetDependency */,
			);
			name = ObjCStudyTests2;
			productName = ObjCStudyTests2;
			productReference = 24385AE113B4A44D001FCB0B /* ObjCStudyTests2.app */;
			productType = "com.apple.product-type.application";
		};
		2453EB6713A9809200C7B423 /* ObjCStudy */ = {
			isa = PBXNativeTarget;
			buildConfigurationList = 2453EB9F13A9809200C7B423 /* Build configuration list for PBXNativeTarget "ObjCStudy" */;
			buildPhases = (
				2453EB6413A9809200C7B423 /* Sources */,
				2453EB6513A9809200C7B423 /* Frameworks */,
				2453EB6613A9809200C7B423 /* Resources */,
			);
			buildRules = (
			);
			dependencies = (
			);
			name = ObjCStudy;
			productName = ObjCStudy;
			productReference = 2453EB6813A9809200C7B423 /* ObjCStudy.app */;
			productType = "com.apple.product-type.application";
		};
		2453EB8B13A9809200C7B423 /* ObjCStudyTests */ = {
			isa = PBXNativeTarget;
			buildConfigurationList = 2453EBA213A9809200C7B423 /* Build configuration list for PBXNativeTarget "ObjCStudyTests" */;
			buildPhases = (
				2453EB8713A9809200C7B423 /* Sources */,
				2453EB8813A9809200C7B423 /* Frameworks */,
				2453EB8913A9809200C7B423 /* Resources */,
				2453EB8A13A9809200C7B423 /* ShellScript */,
			);
			buildRules = (
			);
			dependencies = (
				2453EB9113A9809200C7B423 /* PBXTargetDependency */,
			);
			name = ObjCStudyTests;
			productName = ObjCStudyTests;
			productReference = 2453EB8C13A9809200C7B423 /* ObjCStudyTests.octest */;
			productType = "com.apple.product-type.bundle";
		};
/* End PBXNativeTarget section */

/* Begin PBXProject section */
		2453EB5F13A9809100C7B423 /* Project object */ = {
			isa = PBXProject;
			attributes = {
				ORGANIZATIONNAME = na;
			};
			buildConfigurationList = 2453EB6213A9809100C7B423 /* Build configuration list for PBXProject "ObjCStudy" */;
			compatibilityVersion = "Xcode 3.2";
			developmentRegion = English;
			hasScannedForEncodings = 0;
			knownRegions = (
				en,
			);
			mainGroup = 2453EB5D13A9809100C7B423;
			productRefGroup = 2453EB6913A9809200C7B423 /* Products */;
			projectDirPath = "";
			projectRoot = "";
			targets = (
				2453EB6713A9809200C7B423 /* ObjCStudy */,
				2453EB8B13A9809200C7B423 /* ObjCStudyTests */,
				24385AE013B4A44D001FCB0B /* ObjCStudyTests2 */,
			);
		};
/* End PBXProject section */

/* Begin PBXResourcesBuildPhase section */
		24385ADF13B4A44D001FCB0B /* Resources */ = {
			isa = PBXResourcesBuildPhase;
			buildActionMask = 2147483647;
			files = (
				24385AEB13B4A44E001FCB0B /* InfoPlist.strings in Resources */,
			);
			runOnlyForDeploymentPostprocessing = 0;
		};
		2453EB6613A9809200C7B423 /* Resources */ = {
			isa = PBXResourcesBuildPhase;
			buildActionMask = 2147483647;
			files = (
				2453EB7713A9809200C7B423 /* InfoPlist.strings in Resources */,
				2453EB8013A9809200C7B423 /* MainWindow.xib in Resources */,
				2453EB8613A9809200C7B423 /* ObjCStudyViewController.xib in Resources */,
			);
			runOnlyForDeploymentPostprocessing = 0;
		};
		2453EB8913A9809200C7B423 /* Resources */ = {
			isa = PBXResourcesBuildPhase;
			buildActionMask = 2147483647;
			files = (
				2453EB9713A9809200C7B423 /* InfoPlist.strings in Resources */,
				2453EB9A13A9809200C7B423 /* ObjCStudyTests.h in Resources */,
			);
			runOnlyForDeploymentPostprocessing = 0;
		};
/* End PBXResourcesBuildPhase section */

/* Begin PBXShellScriptBuildPhase section */
		2453EB8A13A9809200C7B423 /* ShellScript */ = {
			isa = PBXShellScriptBuildPhase;
			buildActionMask = 2147483647;
			files = (
			);
			inputPaths = (
			);
			outputPaths = (
			);
			runOnlyForDeploymentPostprocessing = 0;
			shellPath = /bin/sh;
			shellScript = "# Run the unit tests in this test bundle.\n\"${SYSTEM_DEVELOPER_DIR}/Tools/RunUnitTests\"\n";
		};
		247D818E13B5F29B00828FD8 /* ShellScript */ = {
			isa = PBXShellScriptBuildPhase;
			buildActionMask = 2147483647;
			files = (
			);
			inputPaths = (
			);
			outputPaths = (
			);
			runOnlyForDeploymentPostprocessing = 0;
			shellPath = /bin/sh;
			shellScript = "${SRCROOT}/vendor/script/RunTests.sh";
		};
/* End PBXShellScriptBuildPhase section */

/* Begin PBXSourcesBuildPhase section */
		24385ADD13B4A44D001FCB0B /* Sources */ = {
			isa = PBXSourcesBuildPhase;
			buildActionMask = 2147483647;
			files = (
				24385B0813B4A626001FCB0B /* GHUnitIOSTestMain.m in Sources */,
				24EF8B0A13B5D47F0044C032 /* FizzBuzzTests2.m in Sources */,
				247D818D13B5EDA400828FD8 /* FizzBuzz2.m in Sources */,
			);
			runOnlyForDeploymentPostprocessing = 0;
		};
		2453EB6413A9809200C7B423 /* Sources */ = {
			isa = PBXSourcesBuildPhase;
			buildActionMask = 2147483647;
			files = (
				2453EB7A13A9809200C7B423 /* main.m in Sources */,
				2453EB7D13A9809200C7B423 /* ObjCStudyAppDelegate.m in Sources */,
				2453EB8313A9809200C7B423 /* ObjCStudyViewController.m in Sources */,
				242514C913ADD7C70071CD6F /* FizzBuzz.m in Sources */,
				244AC37713AF992D009B7398 /* Game.m in Sources */,
				247D818A13B5EC8F00828FD8 /* FizzBuzz2.m in Sources */,
			);
			runOnlyForDeploymentPostprocessing = 0;
		};
		2453EB8713A9809200C7B423 /* Sources */ = {
			isa = PBXSourcesBuildPhase;
			buildActionMask = 2147483647;
			files = (
				2453EB9C13A9809200C7B423 /* ObjCStudyTests.m in Sources */,
				242514C513ADD5E90071CD6F /* FizzBuzzTests.m in Sources */,
				244AC37313AF9180009B7398 /* GameTests.m in Sources */,
			);
			runOnlyForDeploymentPostprocessing = 0;
		};
/* End PBXSourcesBuildPhase section */

/* Begin PBXTargetDependency section */
		2453EB9113A9809200C7B423 /* PBXTargetDependency */ = {
			isa = PBXTargetDependency;
			target = 2453EB6713A9809200C7B423 /* ObjCStudy */;
			targetProxy = 2453EB9013A9809200C7B423 /* PBXContainerItemProxy */;
		};
		247D818613B5E78000828FD8 /* PBXTargetDependency */ = {
			isa = PBXTargetDependency;
			target = 2453EB6713A9809200C7B423 /* ObjCStudy */;
			targetProxy = 247D818513B5E78000828FD8 /* PBXContainerItemProxy */;
		};
/* End PBXTargetDependency section */

/* Begin PBXVariantGroup section */
		24385AE913B4A44E001FCB0B /* InfoPlist.strings */ = {
			isa = PBXVariantGroup;
			children = (
				24385AEA13B4A44E001FCB0B /* en */,
			);
			name = InfoPlist.strings;
			sourceTree = "<group>";
		};
		2453EB7513A9809200C7B423 /* InfoPlist.strings */ = {
			isa = PBXVariantGroup;
			children = (
				2453EB7613A9809200C7B423 /* en */,
			);
			name = InfoPlist.strings;
			sourceTree = "<group>";
		};
		2453EB7E13A9809200C7B423 /* MainWindow.xib */ = {
			isa = PBXVariantGroup;
			children = (
				2453EB7F13A9809200C7B423 /* en */,
			);
			name = MainWindow.xib;
			sourceTree = "<group>";
		};
		2453EB8413A9809200C7B423 /* ObjCStudyViewController.xib */ = {
			isa = PBXVariantGroup;
			children = (
				2453EB8513A9809200C7B423 /* en */,
			);
			name = ObjCStudyViewController.xib;
			sourceTree = "<group>";
		};
		2453EB9513A9809200C7B423 /* InfoPlist.strings */ = {
			isa = PBXVariantGroup;
			children = (
				2453EB9613A9809200C7B423 /* en */,
			);
			name = InfoPlist.strings;
			sourceTree = "<group>";
		};
/* End PBXVariantGroup section */

/* Begin XCBuildConfiguration section */
		24385B0013B4A44E001FCB0B /* Debug */ = {
			isa = XCBuildConfiguration;
			buildSettings = {
				ALWAYS_SEARCH_USER_PATHS = NO;
				"CODE_SIGN_IDENTITY[sdk=iphoneos*]" = "iPhone Developer";
				COPY_PHASE_STRIP = NO;
				FRAMEWORK_SEARCH_PATHS = (
					"$(inherited)",
					"\"$(SRCROOT)/vendor\"",
				);
				GCC_DYNAMIC_NO_PIC = NO;
				GCC_PRECOMPILE_PREFIX_HEADER = YES;
				GCC_PREFIX_HEADER = "ObjCStudyTests2/ObjCStudyTests2-Prefix.pch";
				INFOPLIST_FILE = "ObjCStudyTests2/ObjCStudyTests2-Info.plist";
				LD_RUNPATH_SEARCH_PATHS = /../vendor/;
				"OTHER_LDFLAGS[arch=*]" = (
					"-ObjC",
					"-all_load",
				);
				PRODUCT_NAME = "$(TARGET_NAME)";
				TARGETED_DEVICE_FAMILY = "1,2";
				WRAPPER_EXTENSION = app;
			};
			name = Debug;
		};
		24385B0113B4A44E001FCB0B /* Release */ = {
			isa = XCBuildConfiguration;
			buildSettings = {
				ALWAYS_SEARCH_USER_PATHS = NO;
				"CODE_SIGN_IDENTITY[sdk=iphoneos*]" = "iPhone Developer";
				COPY_PHASE_STRIP = YES;
				FRAMEWORK_SEARCH_PATHS = (
					"$(inherited)",
					"\"$(SRCROOT)/vendor\"",
				);
				GCC_PRECOMPILE_PREFIX_HEADER = YES;
				GCC_PREFIX_HEADER = "ObjCStudyTests2/ObjCStudyTests2-Prefix.pch";
				INFOPLIST_FILE = "ObjCStudyTests2/ObjCStudyTests2-Info.plist";
				PRODUCT_NAME = "$(TARGET_NAME)";
				TARGETED_DEVICE_FAMILY = "1,2";
				VALIDATE_PRODUCT = YES;
				WRAPPER_EXTENSION = app;
			};
			name = Release;
		};
		2453EB9D13A9809200C7B423 /* Debug */ = {
			isa = XCBuildConfiguration;
			buildSettings = {
				ARCHS = "$(ARCHS_STANDARD_32_BIT)";
				"CODE_SIGN_IDENTITY[sdk=iphoneos*]" = "iPhone Developer";
				GCC_C_LANGUAGE_STANDARD = gnu99;
				GCC_OPTIMIZATION_LEVEL = 0;
				GCC_PREPROCESSOR_DEFINITIONS = DEBUG;
				GCC_SYMBOLS_PRIVATE_EXTERN = NO;
				GCC_VERSION = com.apple.compilers.llvmgcc42;
				GCC_WARN_ABOUT_RETURN_TYPE = YES;
				GCC_WARN_UNUSED_VARIABLE = YES;
				IPHONEOS_DEPLOYMENT_TARGET = 4.3;
				SDKROOT = iphoneos;
			};
			name = Debug;
		};
		2453EB9E13A9809200C7B423 /* Release */ = {
			isa = XCBuildConfiguration;
			buildSettings = {
				ARCHS = "$(ARCHS_STANDARD_32_BIT)";
				"CODE_SIGN_IDENTITY[sdk=iphoneos*]" = "iPhone Developer";
				GCC_C_LANGUAGE_STANDARD = gnu99;
				GCC_VERSION = com.apple.compilers.llvmgcc42;
				GCC_WARN_ABOUT_RETURN_TYPE = YES;
				GCC_WARN_UNUSED_VARIABLE = YES;
				IPHONEOS_DEPLOYMENT_TARGET = 4.3;
				OTHER_CFLAGS = "-DNS_BLOCK_ASSERTIONS=1";
				SDKROOT = iphoneos;
			};
			name = Release;
		};
		2453EBA013A9809200C7B423 /* Debug */ = {
			isa = XCBuildConfiguration;
			buildSettings = {
				ALWAYS_SEARCH_USER_PATHS = NO;
				COPY_PHASE_STRIP = NO;
				GCC_DYNAMIC_NO_PIC = NO;
				GCC_PRECOMPILE_PREFIX_HEADER = YES;
				GCC_PREFIX_HEADER = "ObjCStudy/ObjCStudy-Prefix.pch";
				INFOPLIST_FILE = "ObjCStudy/ObjCStudy-Info.plist";
				PRODUCT_NAME = "$(TARGET_NAME)";
				WRAPPER_EXTENSION = app;
			};
			name = Debug;
		};
		2453EBA113A9809200C7B423 /* Release */ = {
			isa = XCBuildConfiguration;
			buildSettings = {
				ALWAYS_SEARCH_USER_PATHS = NO;
				COPY_PHASE_STRIP = YES;
				GCC_PRECOMPILE_PREFIX_HEADER = YES;
				GCC_PREFIX_HEADER = "ObjCStudy/ObjCStudy-Prefix.pch";
				INFOPLIST_FILE = "ObjCStudy/ObjCStudy-Info.plist";
				PRODUCT_NAME = "$(TARGET_NAME)";
				VALIDATE_PRODUCT = YES;
				WRAPPER_EXTENSION = app;
			};
			name = Release;
		};
		2453EBA313A9809200C7B423 /* Debug */ = {
			isa = XCBuildConfiguration;
			buildSettings = {
				ALWAYS_SEARCH_USER_PATHS = NO;
				BUNDLE_LOADER = "$(BUILT_PRODUCTS_DIR)/ObjCStudy.app/ObjCStudy";
				FRAMEWORK_SEARCH_PATHS = (
					"$(SDKROOT)/Developer/Library/Frameworks",
					"$(DEVELOPER_LIBRARY_DIR)/Frameworks",
				);
				GCC_PRECOMPILE_PREFIX_HEADER = YES;
				GCC_PREFIX_HEADER = "ObjCStudyTests/ObjCStudyTests-Prefix.pch";
				INFOPLIST_FILE = "ObjCStudyTests/ObjCStudyTests-Info.plist";
				OTHER_LDFLAGS = (
					"-framework",
					SenTestingKit,
				);
				PRODUCT_NAME = "$(TARGET_NAME)";
				TEST_HOST = "$(BUNDLE_LOADER)";
				WRAPPER_EXTENSION = octest;
			};
			name = Debug;
		};
		2453EBA413A9809200C7B423 /* Release */ = {
			isa = XCBuildConfiguration;
			buildSettings = {
				ALWAYS_SEARCH_USER_PATHS = NO;
				BUNDLE_LOADER = "$(BUILT_PRODUCTS_DIR)/ObjCStudy.app/ObjCStudy";
				FRAMEWORK_SEARCH_PATHS = (
					"$(SDKROOT)/Developer/Library/Frameworks",
					"$(DEVELOPER_LIBRARY_DIR)/Frameworks",
				);
				GCC_PRECOMPILE_PREFIX_HEADER = YES;
				GCC_PREFIX_HEADER = "ObjCStudyTests/ObjCStudyTests-Prefix.pch";
				INFOPLIST_FILE = "ObjCStudyTests/ObjCStudyTests-Info.plist";
				OTHER_LDFLAGS = (
					"-framework",
					SenTestingKit,
				);
				PRODUCT_NAME = "$(TARGET_NAME)";
				TEST_HOST = "$(BUNDLE_LOADER)";
				WRAPPER_EXTENSION = octest;
			};
			name = Release;
		};
/* End XCBuildConfiguration section */

/* Begin XCConfigurationList section */
		24385B0213B4A44E001FCB0B /* Build configuration list for PBXNativeTarget "ObjCStudyTests2" */ = {
			isa = XCConfigurationList;
			buildConfigurations = (
				24385B0013B4A44E001FCB0B /* Debug */,
				24385B0113B4A44E001FCB0B /* Release */,
			);
			defaultConfigurationIsVisible = 0;
			defaultConfigurationName = Release;
		};
		2453EB6213A9809100C7B423 /* Build configuration list for PBXProject "ObjCStudy" */ = {
			isa = XCConfigurationList;
			buildConfigurations = (
				2453EB9D13A9809200C7B423 /* Debug */,
				2453EB9E13A9809200C7B423 /* Release */,
			);
			defaultConfigurationIsVisible = 0;
			defaultConfigurationName = Release;
		};
		2453EB9F13A9809200C7B423 /* Build configuration list for PBXNativeTarget "ObjCStudy" */ = {
			isa = XCConfigurationList;
			buildConfigurations = (
				2453EBA013A9809200C7B423 /* Debug */,
				2453EBA113A9809200C7B423 /* Release */,
			);
			defaultConfigurationIsVisible = 0;
			defaultConfigurationName = Release;
		};
		2453EBA213A9809200C7B423 /* Build configuration list for PBXNativeTarget "ObjCStudyTests" */ = {
			isa = XCConfigurationList;
			buildConfigurations = (
				2453EBA313A9809200C7B423 /* Debug */,
				2453EBA413A9809200C7B423 /* Release */,
			);
			defaultConfigurationIsVisible = 0;
			defaultConfigurationName = Release;
		};
/* End XCConfigurationList section */
	};
	rootObject = 2453EB5F13A9809100C7B423 /* Project object */;
}
